
Microsoft Visual Studio Solution File, Format Version 12.00
# Visual Studio Version 16
VisualStudioVersion = 16.0.33027.164
MinimumVisualStudioVersion = 10.0.40219.1
Project("{FAE04EC0-301F-11D3-BF4B-00C04F79EFBC}") = "二元樹", "二元樹\二元樹.csproj", "{60FA74D5-FB70-4E31-B7C0-3256B36CCFA4}"
EndProject
Global
	GlobalSection(SolutionConfigurationPlatforms) = preSolution
		Debug|Any CPU = Debug|Any CPU
		Release|Any CPU = Release|Any CPU
	EndGlobalSection
	GlobalSection(ProjectConfigurationPlatforms) = postSolution
		{60FA74D5-FB70-4E31-B7C0-3256B36CCFA4}.Debug|Any CPU.ActiveCfg = Debug|Any CPU
		{60FA74D5-FB70-4E31-B7C0-3256B36CCFA4}.Debug|Any CPU.Build.0 = Debug|Any CPU
		{60FA74D5-FB70-4E31-B7C0-3256B36CCFA4}.Release|Any CPU.ActiveCfg = Release|Any CPU
		{60FA74D5-FB70-4E31-B7C0-3256B36CCFA4}.Release|Any CPU.Build.0 = Release|Any CPU
	EndGlobalSection
	GlobalSection(SolutionProperties) = preSolution
		HideSolutionNode = FALSE
	EndGlobalSection
	GlobalSection(ExtensibilityGlobals) = postSolution
		SolutionGuid = {E6B6BD0C-0CA5-47A0-9F92-523774E24D66}
	EndGlobalSection
EndGlobal
