
Microsoft Visual Studio Solution File, Format Version 12.00
# Visual Studio Version 17
VisualStudioVersion = 17.0.31903.59
MinimumVisualStudioVersion = 10.0.40219.1
Project("{8BC9CEB8-8B4A-11D0-8D11-00A0C91BC942}") = "C1150921Q01", "C1150921Q01\C1150921Q01.vcxproj", "{AD95586B-E62E-4F5C-8DF2-40521B8D773B}"
EndProject
Project("{8BC9CEB8-8B4A-11D0-8D11-00A0C91BC942}") = "C1150921Q02", "C1150921Q02\C1150921Q02.vcxproj", "{AA2E489D-7D9A-4FDC-883F-35D87A896F27}"
EndProject
Project("{8BC9CEB8-8B4A-11D0-8D11-00A0C91BC942}") = "C1150921Q03", "C1150921Q03\C1150921Q03.vcxproj", "{9069F5BD-9955-4A5C-90CA-1AD13B3FE3CA}"
EndProject
Project("{8BC9CEB8-8B4A-11D0-8D11-00A0C91BC942}") = "C1150921Q04", "C1150921Q04\C1150921Q04.vcxproj", "{2D1260C3-6A48-4C61-B918-4F671CC07725}"
EndProject
Project("{8BC9CEB8-8B4A-11D0-8D11-00A0C91BC942}") = "C1150921Q05", "C1150921Q05\C1150921Q05.vcxproj", "{8CAD6E1B-75FE-412A-8A62-00E39A66EF36}"
EndProject
Project("{8BC9CEB8-8B4A-11D0-8D11-00A0C91BC942}") = "C1150921Q06", "C1150921Q06\C1150921Q06.vcxproj", "{43B85CD1-2828-43C0-9671-32E6E359FC17}"
EndProject
Project("{8BC9CEB8-8B4A-11D0-8D11-00A0C91BC942}") = "C1150921Q07", "C1150921Q07\C1150921Q07.vcxproj", "{6AEBDEDB-CA82-46A4-B5EC-46CEA208C00A}"
EndProject
Global
	GlobalSection(SolutionConfigurationPlatforms) = preSolution
		Debug|x64 = Debug|x64
		Release|x64 = Release|x64
	EndGlobalSection
	GlobalSection(ProjectConfigurationPlatforms) = postSolution
		{AD95586B-E62E-4F5C-8DF2-40521B8D773B}.Debug|x64.ActiveCfg = Debug|x64
		{AD95586B-E62E-4F5C-8DF2-40521B8D773B}.Debug|x64.Build.0 = Debug|x64
		{AD95586B-E62E-4F5C-8DF2-40521B8D773B}.Release|x64.ActiveCfg = Release|x64
		{AD95586B-E62E-4F5C-8DF2-40521B8D773B}.Release|x64.Build.0 = Release|x64
		{AA2E489D-7D9A-4FDC-883F-35D87A896F27}.Debug|x64.ActiveCfg = Debug|x64
		{AA2E489D-7D9A-4FDC-883F-35D87A896F27}.Debug|x64.Build.0 = Debug|x64
		{AA2E489D-7D9A-4FDC-883F-35D87A896F27}.Release|x64.ActiveCfg = Release|x64
		{AA2E489D-7D9A-4FDC-883F-35D87A896F27}.Release|x64.Build.0 = Release|x64
		{9069F5BD-9955-4A5C-90CA-1AD13B3FE3CA}.Debug|x64.ActiveCfg = Debug|x64
		{9069F5BD-9955-4A5C-90CA-1AD13B3FE3CA}.Debug|x64.Build.0 = Debug|x64
		{9069F5BD-9955-4A5C-90CA-1AD13B3FE3CA}.Release|x64.ActiveCfg = Release|x64
		{9069F5BD-9955-4A5C-90CA-1AD13B3FE3CA}.Release|x64.Build.0 = Release|x64
		{2D1260C3-6A48-4C61-B918-4F671CC07725}.Debug|x64.ActiveCfg = Debug|x64
		{2D1260C3-6A48-4C61-B918-4F671CC07725}.Debug|x64.Build.0 = Debug|x64
		{2D1260C3-6A48-4C61-B918-4F671CC07725}.Release|x64.ActiveCfg = Release|x64
		{2D1260C3-6A48-4C61-B918-4F671CC07725}.Release|x64.Build.0 = Release|x64
		{8CAD6E1B-75FE-412A-8A62-00E39A66EF36}.Debug|x64.ActiveCfg = Debug|x64
		{8CAD6E1B-75FE-412A-8A62-00E39A66EF36}.Debug|x64.Build.0 = Debug|x64
		{8CAD6E1B-75FE-412A-8A62-00E39A66EF36}.Release|x64.ActiveCfg = Release|x64
		{8CAD6E1B-75FE-412A-8A62-00E39A66EF36}.Release|x64.Build.0 = Release|x64
		{43B85CD1-2828-43C0-9671-32E6E359FC17}.Debug|x64.ActiveCfg = Debug|x64
		{43B85CD1-2828-43C0-9671-32E6E359FC17}.Debug|x64.Build.0 = Debug|x64
		{43B85CD1-2828-43C0-9671-32E6E359FC17}.Release|x64.ActiveCfg = Release|x64
		{43B85CD1-2828-43C0-9671-32E6E359FC17}.Release|x64.Build.0 = Release|x64
		{6AEBDEDB-CA82-46A4-B5EC-46CEA208C00A}.Debug|x64.ActiveCfg = Debug|x64
		{6AEBDEDB-CA82-46A4-B5EC-46CEA208C00A}.Debug|x64.Build.0 = Debug|x64
		{6AEBDEDB-CA82-46A4-B5EC-46CEA208C00A}.Release|x64.ActiveCfg = Release|x64
		{6AEBDEDB-CA82-46A4-B5EC-46CEA208C00A}.Release|x64.Build.0 = Release|x64
	EndGlobalSection
	GlobalSection(SolutionProperties) = preSolution
		HideSolutionNode = FALSE
	EndGlobalSection
	GlobalSection(ExtensibilityGlobals) = postSolution
		SolutionGuid = {4BAD960D-DC41-4788-8295-FCABE4A2B736}
	EndGlobalSection
EndGlobal
